
Microsoft Visual Studio Solution File, Format Version 12.00
# Visual Studio Version 16
VisualStudioVersion = 16.0.30907.101
MinimumVisualStudioVersion = 10.0.40219.1
Project("{FAE04EC0-301F-11D3-BF4B-00C04F79EFBC}") = "csharp-einfach-verschluesselt", "csharp-einfach-verschluesselt\csharp-einfach-verschluesselt.csproj", "{BD98272B-867E-44CC-93C1-EEF498ACEB00}"
EndProject
Global
	GlobalSection(SolutionConfigurationPlatforms) = preSolution
		Debug|Any CPU = Debug|Any CPU
		Release|Any CPU = Release|Any CPU
	EndGlobalSection
	GlobalSection(ProjectConfigurationPlatforms) = postSolution
		{BD98272B-867E-44CC-93C1-EEF498ACEB00}.Debug|Any CPU.ActiveCfg = Debug|Any CPU
		{BD98272B-867E-44CC-93C1-EEF498ACEB00}.Debug|Any CPU.Build.0 = Debug|Any CPU
		{BD98272B-867E-44CC-93C1-EEF498ACEB00}.Release|Any CPU.ActiveCfg = Release|Any CPU
		{BD98272B-867E-44CC-93C1-EEF498ACEB00}.Release|Any CPU.Build.0 = Release|Any CPU
	EndGlobalSection
	GlobalSection(SolutionProperties) = preSolution
		HideSolutionNode = FALSE
	EndGlobalSection
	GlobalSection(ExtensibilityGlobals) = postSolution
		SolutionGuid = {8CB5A3A8-17B9-412A-8E31-83E5C074402D}
	EndGlobalSection
EndGlobal
